
Microsoft Visual Studio Solution File, Format Version 12.00
# Visual Studio Version 17
VisualStudioVersion = 17.14.36429.23
MinimumVisualStudioVersion = 10.0.40219.1
Project("{FAE04EC0-301F-11D3-BF4B-00C04F79EFBC}") = "Tyuiu.ZamyatinKP.Sprint0.Task0.V0", "Tyuiu.ZamyatinKP.Sprint0.Task0.V0\Tyuiu.ZamyatinKP.Sprint0.Task0.V0.csproj", "{E6C26CF7-BB1B-483D-AD94-6BCE2259FC76}"
EndProject
Project("{2150E333-8FDC-42A3-9474-1A3956D46DE8}") = "Task1", "Task1", "{02EA681E-C7D8-13C7-8484-4AC65E1B71E8}"
EndProject
Project("{2150E333-8FDC-42A3-9474-1A3956D46DE8}") = "Task0", "Task0", "{A2838202-EC82-4760-BB58-2C0287D4FCBF}"
EndProject
Project("{FAE04EC0-301F-11D3-BF4B-00C04F79EFBC}") = "Tyuiu.ZamyatinKP.Sprint0.Task1.V0", "Tyuiu.ZamyatinKP.Sprint0.Task1.V0\Tyuiu.ZamyatinKP.Sprint0.Task1.V0.csproj", "{30922837-FE69-4C5C-89FA-32CB869099A9}"
EndProject
Project("{2150E333-8FDC-42A3-9474-1A3956D46DE8}") = "Task2", "Task2", "{1A30CC6E-3B94-428A-9935-547568164327}"
EndProject
Project("{FAE04EC0-301F-11D3-BF4B-00C04F79EFBC}") = "Tyuiu.ZamyatinKP.Sprint0.Task2.V0", "Tyuiu.ZamyatinKP.Sprint0.Task2.V0\Tyuiu.ZamyatinKP.Sprint0.Task2.V0.csproj", "{67F182B8-D64D-4EB5-8014-DCBB9172FB47}"
EndProject
Project("{FAE04EC0-301F-11D3-BF4B-00C04F79EFBC}") = "Tyuiu.ZamyatinKP.Sprint0.Task2.V0.Lib", "Tyuiu.ZamyatinKP.Sprint0.Task2.V0.Lib\Tyuiu.ZamyatinKP.Sprint0.Task2.V0.Lib.csproj", "{73D4DE15-BF10-41FE-838A-B48A5F0ECF7A}"
EndProject
Project("{FAE04EC0-301F-11D3-BF4B-00C04F79EFBC}") = "Tyuiu.ZamyatinKP.Sprint0.Task2.V0.Test", "Tyuiu.ZamyatinKP.Sprint0.Task2.V0.Test\Tyuiu.ZamyatinKP.Sprint0.Task2.V0.Test.csproj", "{0EC6F9A3-7C03-40B6-B5F5-519B8796A4FD}"
EndProject
Project("{2150E333-8FDC-42A3-9474-1A3956D46DE8}") = "Task3", "Task3", "{C7C09DF3-B786-4843-9DDF-D86EEDC56F24}"
EndProject
Project("{FAE04EC0-301F-11D3-BF4B-00C04F79EFBC}") = "Tyuiu.ZamyatinKP.Sprint0.Task3.V0", "Tyuiu.ZamyatinKP.Sprint0.Task3.V0\Tyuiu.ZamyatinKP.Sprint0.Task3.V0.csproj", "{4595804C-C048-4593-A9A5-62FFB375EEC8}"
EndProject
Project("{FAE04EC0-301F-11D3-BF4B-00C04F79EFBC}") = "Tyuiu.ZamyatinKP.Sprint0.Task3.V0.Lib", "Tyuiu.ZamyatinKP.Sprint0.Task3.V0.Lib\Tyuiu.ZamyatinKP.Sprint0.Task3.V0.Lib.csproj", "{7BFFC542-7C9D-4304-BF6B-6C6B7A8A5BE9}"
EndProject
Project("{2150E333-8FDC-42A3-9474-1A3956D46DE8}") = "Task4", "Task4", "{B36975D0-7268-4BFA-B6A1-D369A994A044}"
EndProject
Project("{FAE04EC0-301F-11D3-BF4B-00C04F79EFBC}") = "Tyuiu.ZamyatinKP.Sprint0.Task4.V0", "Tyuiu.ZamyatinKP.Sprint0.Task4.V0\Tyuiu.ZamyatinKP.Sprint0.Task4.V0.csproj", "{AE234CFD-E9DB-446F-9F53-9D556BBD4488}"
EndProject
Project("{FAE04EC0-301F-11D3-BF4B-00C04F79EFBC}") = "Tyuiu.ZamyatinKP.Sprint0.Task4.V0.Lib", "Tyuiu.ZamyatinKP.Sprint0.Task4.V0.Lib\Tyuiu.ZamyatinKP.Sprint0.Task4.V0.Lib.csproj", "{7479CA3F-BC52-41E1-9173-E77F7E1A8F9C}"
EndProject
Project("{FAE04EC0-301F-11D3-BF4B-00C04F79EFBC}") = "Tyuiu.ZamyatinKP.Sprint0.Task4.V0.Test", "Tyuiu.ZamyatinKP.Sprint0.Task4.V0.Test\Tyuiu.ZamyatinKP.Sprint0.Task4.V0.Test.csproj", "{25F17E26-DCB0-4059-A867-FD6735413345}"
EndProject
Project("{2150E333-8FDC-42A3-9474-1A3956D46DE8}") = "Task5", "Task5", "{396FD048-5DBC-41F5-AB65-C79B034420F1}"
EndProject
Project("{FAE04EC0-301F-11D3-BF4B-00C04F79EFBC}") = "Tyuiu.ZamyatinKP.Sprint0.Task5.V0", "Tyuiu.ZamyatinKP.Sprint0.Task5.V0\Tyuiu.ZamyatinKP.Sprint0.Task5.V0.csproj", "{7C286560-6F86-42FF-ADBD-0B1763D44AF5}"
EndProject
Project("{FAE04EC0-301F-11D3-BF4B-00C04F79EFBC}") = "Tyuiu.ZamyatinKP.Sprint0.Task5.V0.Lib", "Tyuiu.ZamyatinKP.Sprint0.Task5.V0.Lib\Tyuiu.ZamyatinKP.Sprint0.Task5.V0.Lib.csproj", "{F7246162-BD75-491A-B0EE-37CF2E16185E}"
EndProject
Project("{FAE04EC0-301F-11D3-BF4B-00C04F79EFBC}") = "Tyuiu.ZamyatinKP.Sprint0.Task5.V0.Test", "Tyuiu.ZamyatinKP.Sprint0.Task5.V0.Test\Tyuiu.ZamyatinKP.Sprint0.Task5.V0.Test.csproj", "{B2B7D666-0309-43D7-96B5-06292A9B0118}"
EndProject
Project("{2150E333-8FDC-42A3-9474-1A3956D46DE8}") = "Task6", "Task6", "{8A12C7B4-5526-4BBA-B0CC-CFB3EA5471D8}"
EndProject
Project("{FAE04EC0-301F-11D3-BF4B-00C04F79EFBC}") = "Tyuiu.ZamyatinKP.Sprint0.Task6.V0", "Tyuiu.ZamyatinKP.Sprint0.Task6.V0\Tyuiu.ZamyatinKP.Sprint0.Task6.V0.csproj", "{E06BB08E-AD44-404C-9CD6-345864275043}"
EndProject
Project("{FAE04EC0-301F-11D3-BF4B-00C04F79EFBC}") = "Tyuiu.ZamyatinKP.Sprint0.Task6.V0.Lib", "Tyuiu.ZamyatinKP.Sprint0.Task6.V0.Lib\Tyuiu.ZamyatinKP.Sprint0.Task6.V0.Lib.csproj", "{C006ABF2-F2D4-4B16-A909-95DFE6098C5B}"
EndProject
Project("{FAE04EC0-301F-11D3-BF4B-00C04F79EFBC}") = "Tyuiu.ZamyatinKP.Sprint0.Task6.V0.Test", "Tyuiu.ZamyatinKP.Sprint0.Task6.V0.Test\Tyuiu.ZamyatinKP.Sprint0.Task6.V0.Test.csproj", "{DCE42515-61D9-43E7-A30B-0C0DA6DEAC62}"
EndProject
Project("{2150E333-8FDC-42A3-9474-1A3956D46DE8}") = "Task7", "Task7", "{F25A08DE-42BE-4F89-A431-3459C29F84E6}"
EndProject
Project("{FAE04EC0-301F-11D3-BF4B-00C04F79EFBC}") = "Tyuiu.ZamyatinKP.Sprint0.Task7.V0", "Tyuiu.ZamyatinKP.Sprint0.Task7.V0\Tyuiu.ZamyatinKP.Sprint0.Task7.V0.csproj", "{5EDCA9AD-58D6-4C3A-95A1-E0D53077DED1}"
EndProject
Project("{FAE04EC0-301F-11D3-BF4B-00C04F79EFBC}") = "Tyuiu.ZamyatinKP.Sprint0.Task7.V0.Lib", "Tyuiu.ZamyatinKP.Sprint0.Task7.V0.Lib\Tyuiu.ZamyatinKP.Sprint0.Task7.V0.Lib.csproj", "{DCC40E9C-EAFB-4C13-A9F4-86F030923F50}"
EndProject
Project("{FAE04EC0-301F-11D3-BF4B-00C04F79EFBC}") = "Tyuiu.ZamyatinKP.Sprint0.Task7.V0.Test", "Tyuiu.ZamyatinKP.Sprint0.Task7.V0.Test\Tyuiu.ZamyatinKP.Sprint0.Task7.V0.Test.csproj", "{81E20965-AC00-4090-A330-2547192F854E}"
EndProject
Global
	GlobalSection(SolutionConfigurationPlatforms) = preSolution
		Debug|Any CPU = Debug|Any CPU
		Release|Any CPU = Release|Any CPU
	EndGlobalSection
	GlobalSection(ProjectConfigurationPlatforms) = postSolution
		{E6C26CF7-BB1B-483D-AD94-6BCE2259FC76}.Debug|Any CPU.ActiveCfg = Debug|Any CPU
		{E6C26CF7-BB1B-483D-AD94-6BCE2259FC76}.Debug|Any CPU.Build.0 = Debug|Any CPU
		{E6C26CF7-BB1B-483D-AD94-6BCE2259FC76}.Release|Any CPU.ActiveCfg = Release|Any CPU
		{E6C26CF7-BB1B-483D-AD94-6BCE2259FC76}.Release|Any CPU.Build.0 = Release|Any CPU
		{30922837-FE69-4C5C-89FA-32CB869099A9}.Debug|Any CPU.ActiveCfg = Debug|Any CPU
		{30922837-FE69-4C5C-89FA-32CB869099A9}.Debug|Any CPU.Build.0 = Debug|Any CPU
		{30922837-FE69-4C5C-89FA-32CB869099A9}.Release|Any CPU.ActiveCfg = Release|Any CPU
		{30922837-FE69-4C5C-89FA-32CB869099A9}.Release|Any CPU.Build.0 = Release|Any CPU
		{67F182B8-D64D-4EB5-8014-DCBB9172FB47}.Debug|Any CPU.ActiveCfg = Debug|Any CPU
		{67F182B8-D64D-4EB5-8014-DCBB9172FB47}.Debug|Any CPU.Build.0 = Debug|Any CPU
		{67F182B8-D64D-4EB5-8014-DCBB9172FB47}.Release|Any CPU.ActiveCfg = Release|Any CPU
		{67F182B8-D64D-4EB5-8014-DCBB9172FB47}.Release|Any CPU.Build.0 = Release|Any CPU
		{73D4DE15-BF10-41FE-838A-B48A5F0ECF7A}.Debug|Any CPU.ActiveCfg = Debug|Any CPU
		{73D4DE15-BF10-41FE-838A-B48A5F0ECF7A}.Debug|Any CPU.Build.0 = Debug|Any CPU
		{73D4DE15-BF10-41FE-838A-B48A5F0ECF7A}.Release|Any CPU.ActiveCfg = Release|Any CPU
		{73D4DE15-BF10-41FE-838A-B48A5F0ECF7A}.Release|Any CPU.Build.0 = Release|Any CPU
		{0EC6F9A3-7C03-40B6-B5F5-519B8796A4FD}.Debug|Any CPU.ActiveCfg = Debug|Any CPU
		{0EC6F9A3-7C03-40B6-B5F5-519B8796A4FD}.Debug|Any CPU.Build.0 = Debug|Any CPU
		{0EC6F9A3-7C03-40B6-B5F5-519B8796A4FD}.Release|Any CPU.ActiveCfg = Release|Any CPU
		{0EC6F9A3-7C03-40B6-B5F5-519B8796A4FD}.Release|Any CPU.Build.0 = Release|Any CPU
		{4595804C-C048-4593-A9A5-62FFB375EEC8}.Debug|Any CPU.ActiveCfg = Debug|Any CPU
		{4595804C-C048-4593-A9A5-62FFB375EEC8}.Debug|Any CPU.Build.0 = Debug|Any CPU
		{4595804C-C048-4593-A9A5-62FFB375EEC8}.Release|Any CPU.ActiveCfg = Release|Any CPU
		{4595804C-C048-4593-A9A5-62FFB375EEC8}.Release|Any CPU.Build.0 = Release|Any CPU
		{7BFFC542-7C9D-4304-BF6B-6C6B7A8A5BE9}.Debug|Any CPU.ActiveCfg = Debug|Any CPU
		{7BFFC542-7C9D-4304-BF6B-6C6B7A8A5BE9}.Debug|Any CPU.Build.0 = Debug|Any CPU
		{7BFFC542-7C9D-4304-BF6B-6C6B7A8A5BE9}.Release|Any CPU.ActiveCfg = Release|Any CPU
		{7BFFC542-7C9D-4304-BF6B-6C6B7A8A5BE9}.Release|Any CPU.Build.0 = Release|Any CPU
		{AE234CFD-E9DB-446F-9F53-9D556BBD4488}.Debug|Any CPU.ActiveCfg = Debug|Any CPU
		{AE234CFD-E9DB-446F-9F53-9D556BBD4488}.Debug|Any CPU.Build.0 = Debug|Any CPU
		{AE234CFD-E9DB-446F-9F53-9D556BBD4488}.Release|Any CPU.ActiveCfg = Release|Any CPU
		{AE234CFD-E9DB-446F-9F53-9D556BBD4488}.Release|Any CPU.Build.0 = Release|Any CPU
		{7479CA3F-BC52-41E1-9173-E77F7E1A8F9C}.Debug|Any CPU.ActiveCfg = Debug|Any CPU
		{7479CA3F-BC52-41E1-9173-E77F7E1A8F9C}.Debug|Any CPU.Build.0 = Debug|Any CPU
		{7479CA3F-BC52-41E1-9173-E77F7E1A8F9C}.Release|Any CPU.ActiveCfg = Release|Any CPU
		{7479CA3F-BC52-41E1-9173-E77F7E1A8F9C}.Release|Any CPU.Build.0 = Release|Any CPU
		{25F17E26-DCB0-4059-A867-FD6735413345}.Debug|Any CPU.ActiveCfg = Debug|Any CPU
		{25F17E26-DCB0-4059-A867-FD6735413345}.Debug|Any CPU.Build.0 = Debug|Any CPU
		{25F17E26-DCB0-4059-A867-FD6735413345}.Release|Any CPU.ActiveCfg = Release|Any CPU
		{25F17E26-DCB0-4059-A867-FD6735413345}.Release|Any CPU.Build.0 = Release|Any CPU
		{7C286560-6F86-42FF-ADBD-0B1763D44AF5}.Debug|Any CPU.ActiveCfg = Debug|Any CPU
		{7C286560-6F86-42FF-ADBD-0B1763D44AF5}.Debug|Any CPU.Build.0 = Debug|Any CPU
		{7C286560-6F86-42FF-ADBD-0B1763D44AF5}.Release|Any CPU.ActiveCfg = Release|Any CPU
		{7C286560-6F86-42FF-ADBD-0B1763D44AF5}.Release|Any CPU.Build.0 = Release|Any CPU
		{F7246162-BD75-491A-B0EE-37CF2E16185E}.Debug|Any CPU.ActiveCfg = Debug|Any CPU
		{F7246162-BD75-491A-B0EE-37CF2E16185E}.Debug|Any CPU.Build.0 = Debug|Any CPU
		{F7246162-BD75-491A-B0EE-37CF2E16185E}.Release|Any CPU.ActiveCfg = Release|Any CPU
		{F7246162-BD75-491A-B0EE-37CF2E16185E}.Release|Any CPU.Build.0 = Release|Any CPU
		{B2B7D666-0309-43D7-96B5-06292A9B0118}.Debug|Any CPU.ActiveCfg = Debug|Any CPU
		{B2B7D666-0309-43D7-96B5-06292A9B0118}.Debug|Any CPU.Build.0 = Debug|Any CPU
		{B2B7D666-0309-43D7-96B5-06292A9B0118}.Release|Any CPU.ActiveCfg = Release|Any CPU
		{B2B7D666-0309-43D7-96B5-06292A9B0118}.Release|Any CPU.Build.0 = Release|Any CPU
		{E06BB08E-AD44-404C-9CD6-345864275043}.Debug|Any CPU.ActiveCfg = Debug|Any CPU
		{E06BB08E-AD44-404C-9CD6-345864275043}.Debug|Any CPU.Build.0 = Debug|Any CPU
		{E06BB08E-AD44-404C-9CD6-345864275043}.Release|Any CPU.ActiveCfg = Release|Any CPU
		{E06BB08E-AD44-404C-9CD6-345864275043}.Release|Any CPU.Build.0 = Release|Any CPU
		{C006ABF2-F2D4-4B16-A909-95DFE6098C5B}.Debug|Any CPU.ActiveCfg = Debug|Any CPU
		{C006ABF2-F2D4-4B16-A909-95DFE6098C5B}.Debug|Any CPU.Build.0 = Debug|Any CPU
		{C006ABF2-F2D4-4B16-A909-95DFE6098C5B}.Release|Any CPU.ActiveCfg = Release|Any CPU
		{C006ABF2-F2D4-4B16-A909-95DFE6098C5B}.Release|Any CPU.Build.0 = Release|Any CPU
		{DCE42515-61D9-43E7-A30B-0C0DA6DEAC62}.Debug|Any CPU.ActiveCfg = Debug|Any CPU
		{DCE42515-61D9-43E7-A30B-0C0DA6DEAC62}.Debug|Any CPU.Build.0 = Debug|Any CPU
		{DCE42515-61D9-43E7-A30B-0C0DA6DEAC62}.Release|Any CPU.ActiveCfg = Release|Any CPU
		{DCE42515-61D9-43E7-A30B-0C0DA6DEAC62}.Release|Any CPU.Build.0 = Release|Any CPU
		{5EDCA9AD-58D6-4C3A-95A1-E0D53077DED1}.Debug|Any CPU.ActiveCfg = Debug|Any CPU
		{5EDCA9AD-58D6-4C3A-95A1-E0D53077DED1}.Debug|Any CPU.Build.0 = Debug|Any CPU
		{5EDCA9AD-58D6-4C3A-95A1-E0D53077DED1}.Release|Any CPU.ActiveCfg = Release|Any CPU
		{5EDCA9AD-58D6-4C3A-95A1-E0D53077DED1}.Release|Any CPU.Build.0 = Release|Any CPU
		{DCC40E9C-EAFB-4C13-A9F4-86F030923F50}.Debug|Any CPU.ActiveCfg = Debug|Any CPU
		{DCC40E9C-EAFB-4C13-A9F4-86F030923F50}.Debug|Any CPU.Build.0 = Debug|Any CPU
		{DCC40E9C-EAFB-4C13-A9F4-86F030923F50}.Release|Any CPU.ActiveCfg = Release|Any CPU
		{DCC40E9C-EAFB-4C13-A9F4-86F030923F50}.Release|Any CPU.Build.0 = Release|Any CPU
		{81E20965-AC00-4090-A330-2547192F854E}.Debug|Any CPU.ActiveCfg = Debug|Any CPU
		{81E20965-AC00-4090-A330-2547192F854E}.Debug|Any CPU.Build.0 = Debug|Any CPU
		{81E20965-AC00-4090-A330-2547192F854E}.Release|Any CPU.ActiveCfg = Release|Any CPU
		{81E20965-AC00-4090-A330-2547192F854E}.Release|Any CPU.Build.0 = Release|Any CPU
	EndGlobalSection
	GlobalSection(SolutionProperties) = preSolution
		HideSolutionNode = FALSE
	EndGlobalSection
	GlobalSection(NestedProjects) = preSolution
		{E6C26CF7-BB1B-483D-AD94-6BCE2259FC76} = {A2838202-EC82-4760-BB58-2C0287D4FCBF}
		{30922837-FE69-4C5C-89FA-32CB869099A9} = {02EA681E-C7D8-13C7-8484-4AC65E1B71E8}
		{67F182B8-D64D-4EB5-8014-DCBB9172FB47} = {1A30CC6E-3B94-428A-9935-547568164327}
		{73D4DE15-BF10-41FE-838A-B48A5F0ECF7A} = {1A30CC6E-3B94-428A-9935-547568164327}
		{0EC6F9A3-7C03-40B6-B5F5-519B8796A4FD} = {1A30CC6E-3B94-428A-9935-547568164327}
		{4595804C-C048-4593-A9A5-62FFB375EEC8} = {C7C09DF3-B786-4843-9DDF-D86EEDC56F24}
		{7BFFC542-7C9D-4304-BF6B-6C6B7A8A5BE9} = {C7C09DF3-B786-4843-9DDF-D86EEDC56F24}
		{AE234CFD-E9DB-446F-9F53-9D556BBD4488} = {B36975D0-7268-4BFA-B6A1-D369A994A044}
		{7479CA3F-BC52-41E1-9173-E77F7E1A8F9C} = {B36975D0-7268-4BFA-B6A1-D369A994A044}
		{25F17E26-DCB0-4059-A867-FD6735413345} = {B36975D0-7268-4BFA-B6A1-D369A994A044}
		{7C286560-6F86-42FF-ADBD-0B1763D44AF5} = {396FD048-5DBC-41F5-AB65-C79B034420F1}
		{F7246162-BD75-491A-B0EE-37CF2E16185E} = {396FD048-5DBC-41F5-AB65-C79B034420F1}
		{B2B7D666-0309-43D7-96B5-06292A9B0118} = {396FD048-5DBC-41F5-AB65-C79B034420F1}
		{E06BB08E-AD44-404C-9CD6-345864275043} = {8A12C7B4-5526-4BBA-B0CC-CFB3EA5471D8}
		{C006ABF2-F2D4-4B16-A909-95DFE6098C5B} = {8A12C7B4-5526-4BBA-B0CC-CFB3EA5471D8}
		{DCE42515-61D9-43E7-A30B-0C0DA6DEAC62} = {8A12C7B4-5526-4BBA-B0CC-CFB3EA5471D8}
		{5EDCA9AD-58D6-4C3A-95A1-E0D53077DED1} = {F25A08DE-42BE-4F89-A431-3459C29F84E6}
		{DCC40E9C-EAFB-4C13-A9F4-86F030923F50} = {F25A08DE-42BE-4F89-A431-3459C29F84E6}
		{81E20965-AC00-4090-A330-2547192F854E} = {F25A08DE-42BE-4F89-A431-3459C29F84E6}
	EndGlobalSection
	GlobalSection(ExtensibilityGlobals) = postSolution
		SolutionGuid = {F38E3A6D-EBC5-4770-8F20-7AEA9DDA394E}
	EndGlobalSection
EndGlobal
